<?xml version="1.0" encoding="utf-8"?>
<Project ToolsVersion="4.0" xmlns="http://schemas.microsoft.com/developer/msbuild/2003">
  <ItemGroup>
    <Filter Include="Исходные файлы">
      <UniqueIdentifier>{4FC737F1-C7A5-4376-A066-2A32D752A2FF}</UniqueIdentifier>
      <Extensions>cpp;c;cc;cxx;c++;cppm;ixx;def;odl;idl;hpj;bat;asm;asmx</Extensions>
    </Filter>
    <Filter Include="Файлы заголовков">
      <UniqueIdentifier>{93995380-89BD-4b04-88EB-625FBE52EBFB}</UniqueIdentifier>
      <Extensions>h;hh;hpp;hxx;h++;hm;inl;inc;ipp;xsd</Extensions>
    </Filter>
    <Filter Include="Файлы ресурсов">
      <UniqueIdentifier>{67DA6AB6-F800-4c08-8B7A-83BB121AAD01}</UniqueIdentifier>
      <Extensions>rc;ico;cur;bmp;dlg;rc2;rct;bin;rgs;gif;jpg;jpeg;jpe;resx;tiff;tif;png;wav;mfcribbon-ms</Extensions>
    </Filter>
  </ItemGroup>
  <ItemGroup>
    <ClCompile Include="main.cpp">
      <Filter>Исходные файлы</Filter>
    </ClCompile>
    <ClCompile Include="render\render.cpp">
      <Filter>Исходные файлы</Filter>
    </ClCompile>
    <ClCompile Include="draggable_esp\items.cpp">
      <Filter>Исходные файлы</Filter>
    </ClCompile>
    <ClCompile Include="web_client\Core\Core.cpp">
      <Filter>Исходные файлы</Filter>
    </ClCompile>
    <ClCompile Include="web_client\MD5\MD5.cpp">
      <Filter>Исходные файлы</Filter>
    </ClCompile>
    <ClCompile Include="web_client\Request\Request.cpp">
      <Filter>Исходные файлы</Filter>
    </ClCompile>
    <ClCompile Include="web_client\Utils\Utils.cpp">
      <Filter>Исходные файлы</Filter>
    </ClCompile>
    <ClCompile Include="logs\logs.cpp">
      <Filter>Исходные файлы</Filter>
    </ClCompile>
    <ClCompile Include="configs\cheat_cfg.cpp">
      <Filter>Исходные файлы</Filter>
    </ClCompile>
    <ClCompile Include="hacks\esp.cpp">
      <Filter>Исходные файлы</Filter>
    </ClCompile>
    <ClCompile Include="offsets\Offsets.cpp">
      <Filter>Исходные файлы</Filter>
    </ClCompile>
    <ClCompile Include="game.cpp">
      <Filter>Исходные файлы</Filter>
    </ClCompile>
    <ClCompile Include="classes\bone.cpp">
      <Filter>Исходные файлы</Filter>
    </ClCompile>
    <ClCompile Include="classes\Entity.cpp">
      <Filter>Исходные файлы</Filter>
    </ClCompile>
    <ClCompile Include="hacks\radar.cpp">
      <Filter>Исходные файлы</Filter>
    </ClCompile>
    <ClCompile Include="libs\imgui\imgui.cpp">
      <Filter>Исходные файлы</Filter>
    </ClCompile>
    <ClCompile Include="libs\imgui\imgui_demo.cpp">
      <Filter>Исходные файлы</Filter>
    </ClCompile>
    <ClCompile Include="libs\imgui\imgui_draw.cpp">
      <Filter>Исходные файлы</Filter>
    </ClCompile>
    <ClCompile Include="libs\imgui\imgui_impl_dx9.cpp">
      <Filter>Исходные файлы</Filter>
    </ClCompile>
    <ClCompile Include="libs\imgui\imgui_impl_win32.cpp">
      <Filter>Исходные файлы</Filter>
    </ClCompile>
    <ClCompile Include="libs\imgui\imgui_tables.cpp">
      <Filter>Исходные файлы</Filter>
    </ClCompile>
    <ClCompile Include="libs\imgui\imgui_widgets.cpp">
      <Filter>Исходные файлы</Filter>
    </ClCompile>
    <ClCompile Include="hacks\triggerbot.cpp">
      <Filter>Исходные файлы</Filter>
    </ClCompile>
  </ItemGroup>
  <ItemGroup>
    <ClInclude Include="classes\globals.hpp">
      <Filter>Файлы заголовков</Filter>
    </ClInclude>
    <ClInclude Include="libs\json.hpp">
      <Filter>Файлы заголовков</Filter>
    </ClInclude>
    <ClInclude Include="classes\vector.hpp">
      <Filter>Файлы заголовков</Filter>
    </ClInclude>
    <ClInclude Include="hacks\hack.hpp">
      <Filter>Файлы заголовков</Filter>
    </ClInclude>
    <ClInclude Include="render\render.hpp">
      <Filter>Файлы заголовков</Filter>
    </ClInclude>
    <ClInclude Include="draggable_esp\items.h">
      <Filter>Файлы заголовков</Filter>
    </ClInclude>
    <ClInclude Include="libs\xorstr.hpp">
      <Filter>Файлы заголовков</Filter>
    </ClInclude>
    <ClInclude Include="configs\cheat_cfg.hpp">
      <Filter>Файлы заголовков</Filter>
    </ClInclude>
    <ClInclude Include="bytes\OpenSansBold.h">
      <Filter>Файлы заголовков</Filter>
    </ClInclude>
    <ClInclude Include="web_client\Core\Core.hpp">
      <Filter>Файлы заголовков</Filter>
    </ClInclude>
    <ClInclude Include="web_client\Helpers\Base64.hpp">
      <Filter>Файлы заголовков</Filter>
    </ClInclude>
    <ClInclude Include="web_client\Helpers\FN1VA.hpp">
      <Filter>Файлы заголовков</Filter>
    </ClInclude>
    <ClInclude Include="web_client\Helpers\Json.hpp">
      <Filter>Файлы заголовков</Filter>
    </ClInclude>
    <ClInclude Include="web_client\Helpers\lazy_importer.hpp">
      <Filter>Файлы заголовков</Filter>
    </ClInclude>
    <ClInclude Include="web_client\Helpers\XorStr.hpp">
      <Filter>Файлы заголовков</Filter>
    </ClInclude>
    <ClInclude Include="web_client\MD5\MD5.hpp">
      <Filter>Файлы заголовков</Filter>
    </ClInclude>
    <ClInclude Include="web_client\Request\Request.hpp">
      <Filter>Файлы заголовков</Filter>
    </ClInclude>
    <ClInclude Include="web_client\Utils\Utils.hpp">
      <Filter>Файлы заголовков</Filter>
    </ClInclude>
    <ClInclude Include="web_client\Main.hpp">
      <Filter>Файлы заголовков</Filter>
    </ClInclude>
    <ClInclude Include="libs\singleton.h">
      <Filter>Файлы заголовков</Filter>
    </ClInclude>
    <ClInclude Include="logs\logs.h">
      <Filter>Файлы заголовков</Filter>
    </ClInclude>
    <ClInclude Include="libs\LuaAPI\menu_item.h">
      <Filter>Файлы заголовков</Filter>
    </ClInclude>
    <ClInclude Include="menu.h">
      <Filter>Файлы заголовков</Filter>
    </ClInclude>
    <ClInclude Include="bytes\cheat_logo.h">
      <Filter>Файлы заголовков</Filter>
    </ClInclude>
    <ClInclude Include="bytes\icons_font_awesome5.hpp">
      <Filter>Файлы заголовков</Filter>
    </ClInclude>
    <ClInclude Include="bytes\font_awesome.h">
      <Filter>Файлы заголовков</Filter>
    </ClInclude>
    <ClInclude Include="hacks\math.hpp">
      <Filter>Файлы заголовков</Filter>
    </ClInclude>
    <ClInclude Include="hacks\esp.hpp">
      <Filter>Файлы заголовков</Filter>
    </ClInclude>
    <ClInclude Include="utils\ProcessManager.hpp">
      <Filter>Файлы заголовков</Filter>
    </ClInclude>
    <ClInclude Include="classes\View.hpp">
      <Filter>Файлы заголовков</Filter>
    </ClInclude>
    <ClInclude Include="game.h">
      <Filter>Файлы заголовков</Filter>
    </ClInclude>
    <ClInclude Include="offsets\Offsets.h">
      <Filter>Файлы заголовков</Filter>
    </ClInclude>
    <ClInclude Include="classes\Entity.h">
      <Filter>Файлы заголовков</Filter>
    </ClInclude>
    <ClInclude Include="classes\bone.h">
      <Filter>Файлы заголовков</Filter>
    </ClInclude>
    <ClInclude Include="hacks\radar.h">
      <Filter>Файлы заголовков</Filter>
    </ClInclude>
    <ClInclude Include="libs\imgui\imconfig.h">
      <Filter>Файлы заголовков</Filter>
    </ClInclude>
    <ClInclude Include="libs\imgui\imgui.h">
      <Filter>Файлы заголовков</Filter>
    </ClInclude>
    <ClInclude Include="libs\imgui\imgui_impl_dx9.h">
      <Filter>Файлы заголовков</Filter>
    </ClInclude>
    <ClInclude Include="libs\imgui\imgui_impl_win32.h">
      <Filter>Файлы заголовков</Filter>
    </ClInclude>
    <ClInclude Include="libs\imgui\imgui_internal.h">
      <Filter>Файлы заголовков</Filter>
    </ClInclude>
    <ClInclude Include="libs\imgui\imstb_rectpack.h">
      <Filter>Файлы заголовков</Filter>
    </ClInclude>
    <ClInclude Include="libs\imgui\imstb_textedit.h">
      <Filter>Файлы заголовков</Filter>
    </ClInclude>
    <ClInclude Include="libs\imgui\imstb_truetype.h">
      <Filter>Файлы заголовков</Filter>
    </ClInclude>
    <ClInclude Include="bytes\model.h">
      <Filter>Файлы заголовков</Filter>
    </ClInclude>
    <ClInclude Include="bytes\weapon_icon.h">
      <Filter>Файлы заголовков</Filter>
    </ClInclude>
    <ClInclude Include="hacks\triggerbot.h">
      <Filter>Файлы заголовков</Filter>
    </ClInclude>
    <ClInclude Include="libs\Curl\curl.h">
      <Filter>Файлы заголовков</Filter>
    </ClInclude>
    <ClInclude Include="libs\Curl\curlver.h">
      <Filter>Файлы заголовков</Filter>
    </ClInclude>
    <ClInclude Include="libs\Curl\easy.h">
      <Filter>Файлы заголовков</Filter>
    </ClInclude>
    <ClInclude Include="libs\Curl\mprintf.h">
      <Filter>Файлы заголовков</Filter>
    </ClInclude>
    <ClInclude Include="libs\Curl\multi.h">
      <Filter>Файлы заголовков</Filter>
    </ClInclude>
    <ClInclude Include="libs\Curl\stdcheaders.h">
      <Filter>Файлы заголовков</Filter>
    </ClInclude>
    <ClInclude Include="libs\Curl\system.h">
      <Filter>Файлы заголовков</Filter>
    </ClInclude>
    <ClInclude Include="libs\Curl\typecheck-gcc.h">
      <Filter>Файлы заголовков</Filter>
    </ClInclude>
    <ClInclude Include="libs\imgui\flag.h">
      <Filter>Файлы заголовков</Filter>
    </ClInclude>
    <ClInclude Include="binds\binds.hpp">
      <Filter>Файлы заголовков</Filter>
    </ClInclude>
    <ClInclude Include="hacks\movement.hpp">
      <Filter>Файлы заголовков</Filter>
    </ClInclude>
  </ItemGroup>
  <ItemGroup>
    <Library Include="libs\LIbCurl.lib" />
  </ItemGroup>
</Project>